
Microsoft Visual Studio Solution File, Format Version 12.00
# Visual Studio Version 16
VisualStudioVersion = 16.0.29728.190
MinimumVisualStudioVersion = 10.0.40219.1
Project("{FAE04EC0-301F-11D3-BF4B-00C04F79EFBC}") = "NGO", "NGO.csproj", "{B87B8DF5-9E36-4AC3-9BC5-FD7131F99814}"
EndProject
Global
	GlobalSection(SolutionConfigurationPlatforms) = preSolution
		Debug|Any CPU = Debug|Any CPU
		Release|Any CPU = Release|Any CPU
	EndGlobalSection
	GlobalSection(ProjectConfigurationPlatforms) = postSolution
		{B87B8DF5-9E36-4AC3-9BC5-FD7131F99814}.Debug|Any CPU.ActiveCfg = Debug|Any CPU
		{B87B8DF5-9E36-4AC3-9BC5-FD7131F99814}.Debug|Any CPU.Build.0 = Debug|Any CPU
		{B87B8DF5-9E36-4AC3-9BC5-FD7131F99814}.Release|Any CPU.ActiveCfg = Release|Any CPU
		{B87B8DF5-9E36-4AC3-9BC5-FD7131F99814}.Release|Any CPU.Build.0 = Release|Any CPU
	EndGlobalSection
	GlobalSection(SolutionProperties) = preSolution
		HideSolutionNode = FALSE
	EndGlobalSection
	GlobalSection(ExtensibilityGlobals) = postSolution
		SolutionGuid = {88951DAD-D944-4C3D-9526-A9FCAF840D5B}
	EndGlobalSection
EndGlobal
